// !$*UTF8*$!
{
	archiveVersion = 1;
	classes = {
	};
	objectVersion = 50;
	objects = {

/* Begin PBXBuildFile section */
		A21A337525448A2900208791 /* SuscribeViewController.swift in Sources */ = {isa = PBXBuildFile; fileRef = A21A337325448A2900208791 /* SuscribeViewController.swift */; };
		A21A337625448A2900208791 /* SuscribeViewController.xib in Resources */ = {isa = PBXBuildFile; fileRef = A21A337425448A2900208791 /* SuscribeViewController.xib */; };
		A21BA48525449EF1001BBE28 /* IAP_ProductIDs.plist in Resources */ = {isa = PBXBuildFile; fileRef = A21BA48425449EF1001BBE28 /* IAP_ProductIDs.plist */; };
		A263BEED25437795008D62C4 /* AppDelegate.swift in Sources */ = {isa = PBXBuildFile; fileRef = A263BEEC25437795008D62C4 /* AppDelegate.swift */; };
		A263BEEF25437795008D62C4 /* SceneDelegate.swift in Sources */ = {isa = PBXBuildFile; fileRef = A263BEEE25437795008D62C4 /* SceneDelegate.swift */; };
		A263BEF125437795008D62C4 /* ViewController.swift in Sources */ = {isa = PBXBuildFile; fileRef = A263BEF025437795008D62C4 /* ViewController.swift */; };
		A263BEF425437795008D62C4 /* Main.storyboard in Resources */ = {isa = PBXBuildFile; fileRef = A263BEF225437795008D62C4 /* Main.storyboard */; };
		A263BEF625437799008D62C4 /* Assets.xcassets in Resources */ = {isa = PBXBuildFile; fileRef = A263BEF525437799008D62C4 /* Assets.xcassets */; };
		A263BEF925437799008D62C4 /* LaunchScreen.storyboard in Resources */ = {isa = PBXBuildFile; fileRef = A263BEF725437799008D62C4 /* LaunchScreen.storyboard */; };
		A263BF1125439ADE008D62C4 /* HomeView.swift in Sources */ = {isa = PBXBuildFile; fileRef = A263BF0F25439ADE008D62C4 /* HomeView.swift */; };
		A263BF1225439ADE008D62C4 /* HomeView.xib in Resources */ = {isa = PBXBuildFile; fileRef = A263BF1025439ADE008D62C4 /* HomeView.xib */; };
		A263BF162543A08E008D62C4 /* StoreKit.framework in Frameworks */ = {isa = PBXBuildFile; fileRef = A263BF152543A08E008D62C4 /* StoreKit.framework */; };
		A263BF1A2543DAAD008D62C4 /* IAPHelper.swift in Sources */ = {isa = PBXBuildFile; fileRef = A263BF192543DAAD008D62C4 /* IAPHelper.swift */; };
/* End PBXBuildFile section */

/* Begin PBXFileReference section */
		A21A337325448A2900208791 /* SuscribeViewController.swift */ = {isa = PBXFileReference; lastKnownFileType = sourcecode.swift; path = SuscribeViewController.swift; sourceTree = "<group>"; };
		A21A337425448A2900208791 /* SuscribeViewController.xib */ = {isa = PBXFileReference; lastKnownFileType = file.xib; path = SuscribeViewController.xib; sourceTree = "<group>"; };
		A21BA48425449EF1001BBE28 /* IAP_ProductIDs.plist */ = {isa = PBXFileReference; lastKnownFileType = text.plist.xml; path = IAP_ProductIDs.plist; sourceTree = "<group>"; };
		A263BEE925437795008D62C4 /* MyInAppPurchase.app */ = {isa = PBXFileReference; explicitFileType = wrapper.application; includeInIndex = 0; path = MyInAppPurchase.app; sourceTree = BUILT_PRODUCTS_DIR; };
		A263BEEC25437795008D62C4 /* AppDelegate.swift */ = {isa = PBXFileReference; lastKnownFileType = sourcecode.swift; path = AppDelegate.swift; sourceTree = "<group>"; };
		A263BEEE25437795008D62C4 /* SceneDelegate.swift */ = {isa = PBXFileReference; lastKnownFileType = sourcecode.swift; path = SceneDelegate.swift; sourceTree = "<group>"; };
		A263BEF025437795008D62C4 /* ViewController.swift */ = {isa = PBXFileReference; lastKnownFileType = sourcecode.swift; path = ViewController.swift; sourceTree = "<group>"; };
		A263BEF325437795008D62C4 /* Base */ = {isa = PBXFileReference; lastKnownFileType = file.storyboard; name = Base; path = Base.lproj/Main.storyboard; sourceTree = "<group>"; };
		A263BEF525437799008D62C4 /* Assets.xcassets */ = {isa = PBXFileReference; lastKnownFileType = folder.assetcatalog; path = Assets.xcassets; sourceTree = "<group>"; };
		A263BEF825437799008D62C4 /* Base */ = {isa = PBXFileReference; lastKnownFileType = file.storyboard; name = Base; path = Base.lproj/LaunchScreen.storyboard; sourceTree = "<group>"; };
		A263BEFA25437799008D62C4 /* Info.plist */ = {isa = PBXFileReference; lastKnownFileType = text.plist.xml; path = Info.plist; sourceTree = "<group>"; };
		A263BF01254392D0008D62C4 /* Configuration.storekit */ = {isa = PBXFileReference; lastKnownFileType = text; path = Configuration.storekit; sourceTree = "<group>"; };
		A263BF0F25439ADE008D62C4 /* HomeView.swift */ = {isa = PBXFileReference; lastKnownFileType = sourcecode.swift; path = HomeView.swift; sourceTree = "<group>"; };
		A263BF1025439ADE008D62C4 /* HomeView.xib */ = {isa = PBXFileReference; lastKnownFileType = file.xib; path = HomeView.xib; sourceTree = "<group>"; };
		A263BF152543A08E008D62C4 /* StoreKit.framework */ = {isa = PBXFileReference; lastKnownFileType = wrapper.framework; name = StoreKit.framework; path = System/Library/Frameworks/StoreKit.framework; sourceTree = SDKROOT; };
		A263BF192543DAAD008D62C4 /* IAPHelper.swift */ = {isa = PBXFileReference; lastKnownFileType = sourcecode.swift; path = IAPHelper.swift; sourceTree = "<group>"; };
/* End PBXFileReference section */

/* Begin PBXFrameworksBuildPhase section */
		A263BEE625437795008D62C4 /* Frameworks */ = {
			isa = PBXFrameworksBuildPhase;
			buildActionMask = 2147483647;
			files = (
				A263BF162543A08E008D62C4 /* StoreKit.framework in Frameworks */,
			);
			runOnlyForDeploymentPostprocessing = 0;
		};
/* End PBXFrameworksBuildPhase section */

/* Begin PBXGroup section */
		A263BEE025437795008D62C4 = {
			isa = PBXGroup;
			children = (
				A263BEEB25437795008D62C4 /* MyInAppPurchase */,
				A263BEEA25437795008D62C4 /* Products */,
				A263BF142543A08E008D62C4 /* Frameworks */,
			);
			sourceTree = "<group>";
		};
		A263BEEA25437795008D62C4 /* Products */ = {
			isa = PBXGroup;
			children = (
				A263BEE925437795008D62C4 /* MyInAppPurchase.app */,
			);
			name = Products;
			sourceTree = "<group>";
		};
		A263BEEB25437795008D62C4 /* MyInAppPurchase */ = {
			isa = PBXGroup;
			children = (
				A263BF182543DA9C008D62C4 /* Helpers */,
				A263BF04254398B1008D62C4 /* View */,
				A263BEEC25437795008D62C4 /* AppDelegate.swift */,
				A263BEEE25437795008D62C4 /* SceneDelegate.swift */,
				A263BEF025437795008D62C4 /* ViewController.swift */,
				A263BEF225437795008D62C4 /* Main.storyboard */,
				A263BEF525437799008D62C4 /* Assets.xcassets */,
				A263BEF725437799008D62C4 /* LaunchScreen.storyboard */,
				A263BEFA25437799008D62C4 /* Info.plist */,
				A263BF01254392D0008D62C4 /* Configuration.storekit */,
				A21BA48425449EF1001BBE28 /* IAP_ProductIDs.plist */,
			);
			path = MyInAppPurchase;
			sourceTree = "<group>";
		};
		A263BF04254398B1008D62C4 /* View */ = {
			isa = PBXGroup;
			children = (
				A263BF0F25439ADE008D62C4 /* HomeView.swift */,
				A263BF1025439ADE008D62C4 /* HomeView.xib */,
				A21A337325448A2900208791 /* SuscribeViewController.swift */,
				A21A337425448A2900208791 /* SuscribeViewController.xib */,
			);
			path = View;
			sourceTree = "<group>";
		};
		A263BF142543A08E008D62C4 /* Frameworks */ = {
			isa = PBXGroup;
			children = (
				A263BF152543A08E008D62C4 /* StoreKit.framework */,
			);
			name = Frameworks;
			sourceTree = "<group>";
		};
		A263BF182543DA9C008D62C4 /* Helpers */ = {
			isa = PBXGroup;
			children = (
				A263BF192543DAAD008D62C4 /* IAPHelper.swift */,
			);
			path = Helpers;
			sourceTree = "<group>";
		};
/* End PBXGroup section */

/* Begin PBXNativeTarget section */
		A263BEE825437795008D62C4 /* MyInAppPurchase */ = {
			isa = PBXNativeTarget;
			buildConfigurationList = A263BEFD25437799008D62C4 /* Build configuration list for PBXNativeTarget "MyInAppPurchase" */;
			buildPhases = (
				A263BEE525437795008D62C4 /* Sources */,
				A263BEE625437795008D62C4 /* Frameworks */,
				A263BEE725437795008D62C4 /* Resources */,
			);
			buildRules = (
			);
			dependencies = (
			);
			name = MyInAppPurchase;
			productName = MyInAppPurchase;
			productReference = A263BEE925437795008D62C4 /* MyInAppPurchase.app */;
			productType = "com.apple.product-type.application";
		};
/* End PBXNativeTarget section */

/* Begin PBXProject section */
		A263BEE125437795008D62C4 /* Project object */ = {
			isa = PBXProject;
			attributes = {
				LastSwiftUpdateCheck = 1210;
				LastUpgradeCheck = 1210;
				TargetAttributes = {
					A263BEE825437795008D62C4 = {
						CreatedOnToolsVersion = 12.1;
					};
				};
			};
			buildConfigurationList = A263BEE425437795008D62C4 /* Build configuration list for PBXProject "MyInAppPurchase" */;
			compatibilityVersion = "Xcode 9.3";
			developmentRegion = en;
			hasScannedForEncodings = 0;
			knownRegions = (
				en,
				Base,
			);
			mainGroup = A263BEE025437795008D62C4;
			productRefGroup = A263BEEA25437795008D62C4 /* Products */;
			projectDirPath = "";
			projectRoot = "";
			targets = (
				A263BEE825437795008D62C4 /* MyInAppPurchase */,
			);
		};
/* End PBXProject section */

/* Begin PBXResourcesBuildPhase section */
		A263BEE725437795008D62C4 /* Resources */ = {
			isa = PBXResourcesBuildPhase;
			buildActionMask = 2147483647;
			files = (
				A21BA48525449EF1001BBE28 /* IAP_ProductIDs.plist in Resources */,
				A263BEF925437799008D62C4 /* LaunchScreen.storyboard in Resources */,
				A263BF1225439ADE008D62C4 /* HomeView.xib in Resources */,
				A263BEF625437799008D62C4 /* Assets.xcassets in Resources */,
				A263BEF425437795008D62C4 /* Main.storyboard in Resources */,
				A21A337625448A2900208791 /* SuscribeViewController.xib in Resources */,
			);
			runOnlyForDeploymentPostprocessing = 0;
		};
/* End PBXResourcesBuildPhase section */

/* Begin PBXSourcesBuildPhase section */
		A263BEE525437795008D62C4 /* Sources */ = {
			isa = PBXSourcesBuildPhase;
			buildActionMask = 2147483647;
			files = (
				A21A337525448A2900208791 /* SuscribeViewController.swift in Sources */,
				A263BEF125437795008D62C4 /* ViewController.swift in Sources */,
				A263BF1125439ADE008D62C4 /* HomeView.swift in Sources */,
				A263BEED25437795008D62C4 /* AppDelegate.swift in Sources */,
				A263BF1A2543DAAD008D62C4 /* IAPHelper.swift in Sources */,
				A263BEEF25437795008D62C4 /* SceneDelegate.swift in Sources */,
			);
			runOnlyForDeploymentPostprocessing = 0;
		};
/* End PBXSourcesBuildPhase section */

/* Begin PBXVariantGroup section */
		A263BEF225437795008D62C4 /* Main.storyboard */ = {
			isa = PBXVariantGroup;
			children = (
				A263BEF325437795008D62C4 /* Base */,
			);
			name = Main.storyboard;
			sourceTree = "<group>";
		};
		A263BEF725437799008D62C4 /* LaunchScreen.storyboard */ = {
			isa = PBXVariantGroup;
			children = (
				A263BEF825437799008D62C4 /* Base */,
			);
			name = LaunchScreen.storyboard;
			sourceTree = "<group>";
		};
/* End PBXVariantGroup section */

/* Begin XCBuildConfiguration section */
		A263BEFB25437799008D62C4 /* Debug */ = {
			isa = XCBuildConfiguration;
			buildSettings = {
				ALWAYS_SEARCH_USER_PATHS = NO;
				CLANG_ANALYZER_NONNULL = YES;
				CLANG_ANALYZER_NUMBER_OBJECT_CONVERSION = YES_AGGRESSIVE;
				CLANG_CXX_LANGUAGE_STANDARD = "gnu++14";
				CLANG_CXX_LIBRARY = "libc++";
				CLANG_ENABLE_MODULES = YES;
				CLANG_ENABLE_OBJC_ARC = YES;
				CLANG_ENABLE_OBJC_WEAK = YES;
				CLANG_WARN_BLOCK_CAPTURE_AUTORELEASING = YES;
				CLANG_WARN_BOOL_CONVERSION = YES;
				CLANG_WARN_COMMA = YES;
				CLANG_WARN_CONSTANT_CONVERSION = YES;
				CLANG_WARN_DEPRECATED_OBJC_IMPLEMENTATIONS = YES;
				CLANG_WARN_DIRECT_OBJC_ISA_USAGE = YES_ERROR;
				CLANG_WARN_DOCUMENTATION_COMMENTS = YES;
				CLANG_WARN_EMPTY_BODY = YES;
				CLANG_WARN_ENUM_CONVERSION = YES;
				CLANG_WARN_INFINITE_RECURSION = YES;
				CLANG_WARN_INT_CONVERSION = YES;
				CLANG_WARN_NON_LITERAL_NULL_CONVERSION = YES;
				CLANG_WARN_OBJC_IMPLICIT_RETAIN_SELF = YES;
				CLANG_WARN_OBJC_LITERAL_CONVERSION = YES;
				CLANG_WARN_OBJC_ROOT_CLASS = YES_ERROR;
				CLANG_WARN_QUOTED_INCLUDE_IN_FRAMEWORK_HEADER = YES;
				CLANG_WARN_RANGE_LOOP_ANALYSIS = YES;
				CLANG_WARN_STRICT_PROTOTYPES = YES;
				CLANG_WARN_SUSPICIOUS_MOVE = YES;
				CLANG_WARN_UNGUARDED_AVAILABILITY = YES_AGGRESSIVE;
				CLANG_WARN_UNREACHABLE_CODE = YES;
				CLANG_WARN__DUPLICATE_METHOD_MATCH = YES;
				COPY_PHASE_STRIP = NO;
				DEBUG_INFORMATION_FORMAT = dwarf;
				ENABLE_STRICT_OBJC_MSGSEND = YES;
				ENABLE_TESTABILITY = YES;
				GCC_C_LANGUAGE_STANDARD = gnu11;
				GCC_DYNAMIC_NO_PIC = NO;
				GCC_NO_COMMON_BLOCKS = YES;
				GCC_OPTIMIZATION_LEVEL = 0;
				GCC_PREPROCESSOR_DEFINITIONS = (
					"DEBUG=1",
					"$(inherited)",
				);
				GCC_WARN_64_TO_32_BIT_CONVERSION = YES;
				GCC_WARN_ABOUT_RETURN_TYPE = YES_ERROR;
				GCC_WARN_UNDECLARED_SELECTOR = YES;
				GCC_WARN_UNINITIALIZED_AUTOS = YES_AGGRESSIVE;
				GCC_WARN_UNUSED_FUNCTION = YES;
				GCC_WARN_UNUSED_VARIABLE = YES;
				IPHONEOS_DEPLOYMENT_TARGET = 14.0;
				MTL_ENABLE_DEBUG_INFO = INCLUDE_SOURCE;
				MTL_FAST_MATH = YES;
				ONLY_ACTIVE_ARCH = YES;
				SDKROOT = iphoneos;
				SWIFT_ACTIVE_COMPILATION_CONDITIONS = DEBUG;
				SWIFT_OPTIMIZATION_LEVEL = "-Onone";
			};
			name = Debug;
		};
		A263BEFC25437799008D62C4 /* Release */ = {
			isa = XCBuildConfiguration;
			buildSettings = {
				ALWAYS_SEARCH_USER_PATHS = NO;
				CLANG_ANALYZER_NONNULL = YES;
				CLANG_ANALYZER_NUMBER_OBJECT_CONVERSION = YES_AGGRESSIVE;
				CLANG_CXX_LANGUAGE_STANDARD = "gnu++14";
				CLANG_CXX_LIBRARY = "libc++";
				CLANG_ENABLE_MODULES = YES;
				CLANG_ENABLE_OBJC_ARC = YES;
				CLANG_ENABLE_OBJC_WEAK = YES;
				CLANG_WARN_BLOCK_CAPTURE_AUTORELEASING = YES;
				CLANG_WARN_BOOL_CONVERSION = YES;
				CLANG_WARN_COMMA = YES;
				CLANG_WARN_CONSTANT_CONVERSION = YES;
				CLANG_WARN_DEPRECATED_OBJC_IMPLEMENTATIONS = YES;
				CLANG_WARN_DIRECT_OBJC_ISA_USAGE = YES_ERROR;
				CLANG_WARN_DOCUMENTATION_COMMENTS = YES;
				CLANG_WARN_EMPTY_BODY = YES;
				CLANG_WARN_ENUM_CONVERSION = YES;
				CLANG_WARN_INFINITE_RECURSION = YES;
				CLANG_WARN_INT_CONVERSION = YES;
				CLANG_WARN_NON_LITERAL_NULL_CONVERSION = YES;
				CLANG_WARN_OBJC_IMPLICIT_RETAIN_SELF = YES;
				CLANG_WARN_OBJC_LITERAL_CONVERSION = YES;
				CLANG_WARN_OBJC_ROOT_CLASS = YES_ERROR;
				CLANG_WARN_QUOTED_INCLUDE_IN_FRAMEWORK_HEADER = YES;
				CLANG_WARN_RANGE_LOOP_ANALYSIS = YES;
				CLANG_WARN_STRICT_PROTOTYPES = YES;
				CLANG_WARN_SUSPICIOUS_MOVE = YES;
				CLANG_WARN_UNGUARDED_AVAILABILITY = YES_AGGRESSIVE;
				CLANG_WARN_UNREACHABLE_CODE = YES;
				CLANG_WARN__DUPLICATE_METHOD_MATCH = YES;
				COPY_PHASE_STRIP = NO;
				DEBUG_INFORMATION_FORMAT = "dwarf-with-dsym";
				ENABLE_NS_ASSERTIONS = NO;
				ENABLE_STRICT_OBJC_MSGSEND = YES;
				GCC_C_LANGUAGE_STANDARD = gnu11;
				GCC_NO_COMMON_BLOCKS = YES;
				GCC_WARN_64_TO_32_BIT_CONVERSION = YES;
				GCC_WARN_ABOUT_RETURN_TYPE = YES_ERROR;
				GCC_WARN_UNDECLARED_SELECTOR = YES;
				GCC_WARN_UNINITIALIZED_AUTOS = YES_AGGRESSIVE;
				GCC_WARN_UNUSED_FUNCTION = YES;
				GCC_WARN_UNUSED_VARIABLE = YES;
				IPHONEOS_DEPLOYMENT_TARGET = 14.0;
				MTL_ENABLE_DEBUG_INFO = NO;
				MTL_FAST_MATH = YES;
				SDKROOT = iphoneos;
				SWIFT_COMPILATION_MODE = wholemodule;
				SWIFT_OPTIMIZATION_LEVEL = "-O";
				VALIDATE_PRODUCT = YES;
			};
			name = Release;
		};
		A263BEFE25437799008D62C4 /* Debug */ = {
			isa = XCBuildConfiguration;
			buildSettings = {
				ASSETCATALOG_COMPILER_APPICON_NAME = AppIcon;
				ASSETCATALOG_COMPILER_GLOBAL_ACCENT_COLOR_NAME = AccentColor;
				CODE_SIGN_STYLE = Automatic;
				DEVELOPMENT_TEAM = 73V22638MH;
				INFOPLIST_FILE = MyInAppPurchase/Info.plist;
				LD_RUNPATH_SEARCH_PATHS = (
					"$(inherited)",
					"@executable_path/Frameworks",
				);
				PRODUCT_BUNDLE_IDENTIFIER = todosVuelan.MyInAppPurchase;
				PRODUCT_NAME = "$(TARGET_NAME)";
				SWIFT_VERSION = 5.0;
				TARGETED_DEVICE_FAMILY = "1,2";
			};
			name = Debug;
		};
		A263BEFF25437799008D62C4 /* Release */ = {
			isa = XCBuildConfiguration;
			buildSettings = {
				ASSETCATALOG_COMPILER_APPICON_NAME = AppIcon;
				ASSETCATALOG_COMPILER_GLOBAL_ACCENT_COLOR_NAME = AccentColor;
				CODE_SIGN_STYLE = Automatic;
				DEVELOPMENT_TEAM = 73V22638MH;
				INFOPLIST_FILE = MyInAppPurchase/Info.plist;
				LD_RUNPATH_SEARCH_PATHS = (
					"$(inherited)",
					"@executable_path/Frameworks",
				);
				PRODUCT_BUNDLE_IDENTIFIER = todosVuelan.MyInAppPurchase;
				PRODUCT_NAME = "$(TARGET_NAME)";
				SWIFT_VERSION = 5.0;
				TARGETED_DEVICE_FAMILY = "1,2";
			};
			name = Release;
		};
/* End XCBuildConfiguration section */

/* Begin XCConfigurationList section */
		A263BEE425437795008D62C4 /* Build configuration list for PBXProject "MyInAppPurchase" */ = {
			isa = XCConfigurationList;
			buildConfigurations = (
				A263BEFB25437799008D62C4 /* Debug */,
				A263BEFC25437799008D62C4 /* Release */,
			);
			defaultConfigurationIsVisible = 0;
			defaultConfigurationName = Release;
		};
		A263BEFD25437799008D62C4 /* Build configuration list for PBXNativeTarget "MyInAppPurchase" */ = {
			isa = XCConfigurationList;
			buildConfigurations = (
				A263BEFE25437799008D62C4 /* Debug */,
				A263BEFF25437799008D62C4 /* Release */,
			);
			defaultConfigurationIsVisible = 0;
			defaultConfigurationName = Release;
		};
/* End XCConfigurationList section */
	};
	rootObject = A263BEE125437795008D62C4 /* Project object */;
}
